{
  "version": 4,
  "terraform_version": "1.4.5",
  "serial": 113,
  "lineage": "b760ccd0-5e7d-ea10-58d7-f0d38e670ffc",
  "outputs": {},
  "resources": [
    {
      "module": "module.management",
      "mode": "managed",
      "type": "iosxe_logging",
      "name": "logging",
      "provider": "provider[\"terraform.local/local/iosxe\"]",
      "instances": [
        {
          "index_key": "0",
          "schema_version": 0,
          "attributes": {
            "buffered_severity": "informational",
            "buffered_size": 16000,
            "console_severity": "informational",
            "device": null,
            "facility": "local0",
            "file_max_size": null,
            "file_min_size": null,
            "file_name": null,
            "file_severity": null,
            "history_severity": "informational",
            "history_size": 100,
            "id": "Cisco-IOS-XE-native:native/logging",
            "ipv4_hosts": [
              {
                "ipv4_host": "2.2.2.2"
              }
            ],
            "ipv4_vrf_hosts": null,
            "ipv6_hosts": null,
            "ipv6_vrf_hosts": null,
            "monitor_severity": "informational",
            "origin_id_name": null,
            "origin_id_type": null,
            "source_interface": null,
            "source_interfaces_vrf": null,
            "trap": true,
            "trap_severity": "informational"
          },
          "sensitive_attributes": []
        }
      ]
    },
    {
      "module": "module.management",
      "mode": "managed",
      "type": "iosxe_logging_ipv4_host_transport",
      "name": "logging",
      "provider": "provider[\"terraform.local/local/iosxe\"]",
      "instances": [
        {
          "index_key": "0",
          "schema_version": 0,
          "attributes": {
            "device": null,
            "id": "Cisco-IOS-XE-native:native/logging/host/ipv4-host-transport-list=2.2.2.2",
            "ipv4_host": "2.2.2.2",
            "transport_tcp_ports": null,
            "transport_tls_ports": null,
            "transport_udp_ports": null
          },
          "sensitive_attributes": []
        }
      ]
    },
    {
      "module": "module.management",
      "mode": "managed",
      "type": "iosxe_snmp_server_user",
      "name": "snmp",
      "provider": "provider[\"terraform.local/local/iosxe\"]",
      "instances": [
        {
          "index_key": "user1",
          "schema_version": 0,
          "attributes": {
            "device": null,
            "grpname": "grp1",
            "id": "Cisco-IOS-XE-native:native/snmp-server/Cisco-IOS-XE-snmp:user/names=user1,grp1",
            "username": "user1",
            "v3_auth_access_acl_name": null,
            "v3_auth_access_ipv6_acl": null,
            "v3_auth_access_standard_acl": null,
            "v3_auth_algorithm": "md5",
            "v3_auth_password": "Azerty123!",
            "v3_auth_priv_aes_access_acl_name": null,
            "v3_auth_priv_aes_access_ipv6_acl": null,
            "v3_auth_priv_aes_access_standard_acl": null,
            "v3_auth_priv_aes_algorithm": null,
            "v3_auth_priv_aes_password": null,
            "v3_auth_priv_des3_access_acl_name": null,
            "v3_auth_priv_des3_access_ipv6_acl": null,
            "v3_auth_priv_des3_access_standard_acl": null,
            "v3_auth_priv_des3_password": null,
            "v3_auth_priv_des_access_acl_name": null,
            "v3_auth_priv_des_access_ipv6_acl": null,
            "v3_auth_priv_des_access_standard_acl": null,
            "v3_auth_priv_des_password": null
          },
          "sensitive_attributes": [
            [
              {
                "type": "get_attr",
                "value": "v3_auth_password"
              }
            ]
          ]
        }
      ]
    },
    {
      "module": "module.switching",
      "mode": "managed",
      "type": "iosxe_vlan",
      "name": "vlan",
      "provider": "provider[\"terraform.local/local/iosxe\"]",
      "instances": [
        {
          "index_key": "vlan-105",
          "schema_version": 0,
          "attributes": {
            "device": null,
            "id": "Cisco-IOS-XE-native:native/vlan/Cisco-IOS-XE-vlan:vlan-list=105",
            "name": "vlan-105",
            "private_vlan_association": null,
            "private_vlan_community": null,
            "private_vlan_isolated": null,
            "private_vlan_primary": null,
            "remote_span": null,
            "shutdown": null,
            "vlan_id": 105
          },
          "sensitive_attributes": []
        },
        {
          "index_key": "vlan-106",
          "schema_version": 0,
          "attributes": {
            "device": null,
            "id": "Cisco-IOS-XE-native:native/vlan/Cisco-IOS-XE-vlan:vlan-list=106",
            "name": "vlan-106",
            "private_vlan_association": null,
            "private_vlan_community": null,
            "private_vlan_isolated": null,
            "private_vlan_primary": null,
            "remote_span": null,
            "shutdown": null,
            "vlan_id": 106
          },
          "sensitive_attributes": []
        }
      ]
    },
    {
      "module": "module.switching",
      "mode": "managed",
      "type": "iosxe_vlan_configuration",
      "name": "vlan_configuration",
      "provider": "provider[\"terraform.local/local/iosxe\"]",
      "instances": [
        {
          "index_key": "vlan-105",
          "schema_version": 0,
          "attributes": {
            "access_vfi": null,
            "device": null,
            "evpn_instance": null,
            "evpn_instance_vni": null,
            "id": "Cisco-IOS-XE-native:native/vlan/Cisco-IOS-XE-vlan:configuration=105",
            "vlan_id": 105,
            "vni": null
          },
          "sensitive_attributes": []
        },
        {
          "index_key": "vlan-106",
          "schema_version": 0,
          "attributes": {
            "access_vfi": null,
            "device": null,
            "evpn_instance": null,
            "evpn_instance_vni": null,
            "id": "Cisco-IOS-XE-native:native/vlan/Cisco-IOS-XE-vlan:configuration=106",
            "vlan_id": 106,
            "vni": null
          },
          "sensitive_attributes": []
        }
      ]
    }
  ],
  "check_results": null
}
